// !$*UTF8*$!
{
	archiveVersion = 1;
	classes = {
	};
	objectVersion = 77;
	objects = {

/* Begin PBXBuildFile section */
		5A0000000000000000000101 /* SparkNotify.appex in Embed Foundation Extensions */ = {isa = PBXBuildFile; fileRef = 5A0000000000000000000100 /* SparkNotify.appex */; settings = {ATTRIBUTES = (RemoveHeadersOnCopy, ); }; };
		5A0000000000000000000201 /* SparkWidgets.appex in Embed Foundation Extensions */ = {isa = PBXBuildFile; fileRef = 5A0000000000000000000200 /* SparkWidgets.appex */; settings = {ATTRIBUTES = (RemoveHeadersOnCopy, ); }; };
		5A0000000000000000000301 /* SparkShare.appex in Embed Foundation Extensions */ = {isa = PBXBuildFile; fileRef = 5A0000000000000000000300 /* SparkShare.appex */; settings = {ATTRIBUTES = (RemoveHeadersOnCopy, ); }; };
/* End PBXBuildFile section */

/* Begin PBXContainerItemProxy section */
		5A0000000000000000000102 /* PBXContainerItemProxy */ = {
			isa = PBXContainerItemProxy;
			containerPortal = 5A0000000000000000000050 /* Project object */;
			proxyType = 1;
			remoteGlobalIDString = 5A0000000000000000000140;
			remoteInfo = SparkNotify;
		};
		5A0000000000000000000202 /* PBXContainerItemProxy */ = {
			isa = PBXContainerItemProxy;
			containerPortal = 5A0000000000000000000050 /* Project object */;
			proxyType = 1;
			remoteGlobalIDString = 5A0000000000000000000240;
			remoteInfo = SparkWidgets;
		};
		5A0000000000000000000302 /* PBXContainerItemProxy */ = {
			isa = PBXContainerItemProxy;
			containerPortal = 5A0000000000000000000050 /* Project object */;
			proxyType = 1;
			remoteGlobalIDString = 5A0000000000000000000340;
			remoteInfo = SparkShare;
		};
/* End PBXContainerItemProxy section */

/* Begin PBXCopyFilesBuildPhase section */
		5A0000000000000000000103 /* Embed Foundation Extensions */ = {
			isa = PBXCopyFilesBuildPhase;
			buildActionMask = 2147483647;
			dstPath = "";
			dstSubfolderSpec = 13;
			files = (
				5A0000000000000000000101 /* SparkNotify.appex in Embed Foundation Extensions */,
				5A0000000000000000000201 /* SparkWidgets.appex in Embed Foundation Extensions */,
				5A0000000000000000000301 /* SparkShare.appex in Embed Foundation Extensions */,
			);
			name = "Embed Foundation Extensions";
			runOnlyForDeploymentPostprocessing = 0;
		};
/* End PBXCopyFilesBuildPhase section */

/* Begin PBXFileReference section */
		5A0000000000000000000001 /* Spark.app */ = {isa = PBXFileReference; explicitFileType = wrapper.application; includeInIndex = 0; path = Spark.app; sourceTree = BUILT_PRODUCTS_DIR; };
		5A0000000000000000000002 /* Info.plist */ = {isa = PBXFileReference; lastKnownFileType = text.plist.xml; path = Info.plist; sourceTree = "<group>"; };
		5A0000000000000000000100 /* SparkNotify.appex */ = {isa = PBXFileReference; explicitFileType = "wrapper.app-extension"; includeInIndex = 0; path = SparkNotify.appex; sourceTree = BUILT_PRODUCTS_DIR; };
		5A0000000000000000000104 /* SparkNotify-Info.plist */ = {isa = PBXFileReference; lastKnownFileType = text.plist.xml; path = "SparkNotify-Info.plist"; sourceTree = "<group>"; };
		5A0000000000000000000105 /* Spark.entitlements */ = {isa = PBXFileReference; lastKnownFileType = text.plist.entitlements; path = Spark.entitlements; sourceTree = "<group>"; };
		5A0000000000000000000106 /* SparkNotify.entitlements */ = {isa = PBXFileReference; lastKnownFileType = text.plist.entitlements; path = SparkNotify.entitlements; sourceTree = "<group>"; };
		5A0000000000000000000200 /* SparkWidgets.appex */ = {isa = PBXFileReference; explicitFileType = "wrapper.app-extension"; includeInIndex = 0; path = SparkWidgets.appex; sourceTree = BUILT_PRODUCTS_DIR; };
		5A0000000000000000000204 /* SparkWidgets-Info.plist */ = {isa = PBXFileReference; lastKnownFileType = text.plist.xml; path = "SparkWidgets-Info.plist"; sourceTree = "<group>"; };
		5A0000000000000000000300 /* SparkShare.appex */ = {isa = PBXFileReference; explicitFileType = "wrapper.app-extension"; includeInIndex = 0; path = SparkShare.appex; sourceTree = BUILT_PRODUCTS_DIR; };
		5A0000000000000000000304 /* SparkShare-Info.plist */ = {isa = PBXFileReference; lastKnownFileType = text.plist.xml; path = "SparkShare-Info.plist"; sourceTree = "<group>"; };
		5A0000000000000000000306 /* SparkShare.entitlements */ = {isa = PBXFileReference; lastKnownFileType = text.plist.entitlements; path = SparkShare.entitlements; sourceTree = "<group>"; };
/* End PBXFileReference section */

/* Begin PBXFileSystemSynchronizedRootGroup section */
		5A0000000000000000000010 /* Spark */ = {
			isa = PBXFileSystemSynchronizedRootGroup;
			path = Spark;
			sourceTree = "<group>";
		};
		5A0000000000000000000110 /* SparkNotify */ = {
			isa = PBXFileSystemSynchronizedRootGroup;
			path = SparkNotify;
			sourceTree = "<group>";
		};
		5A0000000000000000000210 /* SparkWidgets */ = {
			isa = PBXFileSystemSynchronizedRootGroup;
			path = SparkWidgets;
			sourceTree = "<group>";
		};
		5A0000000000000000000310 /* SparkShare */ = {
			isa = PBXFileSystemSynchronizedRootGroup;
			path = SparkShare;
			sourceTree = "<group>";
		};
		5A0000000000000000000410 /* Shared */ = {
			isa = PBXFileSystemSynchronizedRootGroup;
			path = Shared;
			sourceTree = "<group>";
		};
/* End PBXFileSystemSynchronizedRootGroup section */

/* Begin PBXFrameworksBuildPhase section */
		5A0000000000000000000020 /* Frameworks */ = {
			isa = PBXFrameworksBuildPhase;
			buildActionMask = 2147483647;
			files = (
			);
			runOnlyForDeploymentPostprocessing = 0;
		};
		5A0000000000000000000120 /* Frameworks */ = {
			isa = PBXFrameworksBuildPhase;
			buildActionMask = 2147483647;
			files = (
			);
			runOnlyForDeploymentPostprocessing = 0;
		};
		5A0000000000000000000220 /* Frameworks */ = {
			isa = PBXFrameworksBuildPhase;
			buildActionMask = 2147483647;
			files = (
			);
			runOnlyForDeploymentPostprocessing = 0;
		};
		5A0000000000000000000320 /* Frameworks */ = {
			isa = PBXFrameworksBuildPhase;
			buildActionMask = 2147483647;
			files = (
			);
			runOnlyForDeploymentPostprocessing = 0;
		};
/* End PBXFrameworksBuildPhase section */

/* Begin PBXGroup section */
		5A0000000000000000000030 = {
			isa = PBXGroup;
			children = (
				5A0000000000000000000002 /* Info.plist */,
				5A0000000000000000000105 /* Spark.entitlements */,
				5A0000000000000000000104 /* SparkNotify-Info.plist */,
				5A0000000000000000000106 /* SparkNotify.entitlements */,
				5A0000000000000000000204 /* SparkWidgets-Info.plist */,
				5A0000000000000000000304 /* SparkShare-Info.plist */,
				5A0000000000000000000306 /* SparkShare.entitlements */,
				5A0000000000000000000410 /* Shared */,
				5A0000000000000000000010 /* Spark */,
				5A0000000000000000000110 /* SparkNotify */,
				5A0000000000000000000210 /* SparkWidgets */,
				5A0000000000000000000310 /* SparkShare */,
				5A0000000000000000000031 /* Products */,
			);
			sourceTree = "<group>";
		};
		5A0000000000000000000031 /* Products */ = {
			isa = PBXGroup;
			children = (
				5A0000000000000000000001 /* Spark.app */,
				5A0000000000000000000100 /* SparkNotify.appex */,
				5A0000000000000000000200 /* SparkWidgets.appex */,
				5A0000000000000000000300 /* SparkShare.appex */,
			);
			name = Products;
			sourceTree = "<group>";
		};
/* End PBXGroup section */

/* Begin PBXNativeTarget section */
		5A0000000000000000000040 /* Spark */ = {
			isa = PBXNativeTarget;
			buildConfigurationList = 5A0000000000000000000060 /* Build configuration list for PBXNativeTarget "Spark" */;
			buildPhases = (
				5A0000000000000000000021 /* Sources */,
				5A0000000000000000000020 /* Frameworks */,
				5A0000000000000000000022 /* Resources */,
				5A0000000000000000000103 /* Embed Foundation Extensions */,
			);
			buildRules = (
			);
			dependencies = (
				5A0000000000000000000107 /* PBXTargetDependency */,
				5A0000000000000000000207 /* PBXTargetDependency */,
				5A0000000000000000000307 /* PBXTargetDependency */,
			);
			fileSystemSynchronizedGroups = (
				5A0000000000000000000010 /* Spark */,
				5A0000000000000000000410 /* Shared */,
			);
			name = Spark;
			productName = Spark;
			productReference = 5A0000000000000000000001 /* Spark.app */;
			productType = "com.apple.product-type.application";
		};
		5A0000000000000000000140 /* SparkNotify */ = {
			isa = PBXNativeTarget;
			buildConfigurationList = 5A0000000000000000000160 /* Build configuration list for PBXNativeTarget "SparkNotify" */;
			buildPhases = (
				5A0000000000000000000121 /* Sources */,
				5A0000000000000000000120 /* Frameworks */,
				5A0000000000000000000122 /* Resources */,
			);
			buildRules = (
			);
			dependencies = (
			);
			fileSystemSynchronizedGroups = (
				5A0000000000000000000110 /* SparkNotify */,
			);
			name = SparkNotify;
			productName = SparkNotify;
			productReference = 5A0000000000000000000100 /* SparkNotify.appex */;
			productType = "com.apple.product-type.app-extension";
		};
		5A0000000000000000000240 /* SparkWidgets */ = {
			isa = PBXNativeTarget;
			buildConfigurationList = 5A0000000000000000000260 /* Build configuration list for PBXNativeTarget "SparkWidgets" */;
			buildPhases = (
				5A0000000000000000000221 /* Sources */,
				5A0000000000000000000220 /* Frameworks */,
				5A0000000000000000000222 /* Resources */,
			);
			buildRules = (
			);
			dependencies = (
			);
			fileSystemSynchronizedGroups = (
				5A0000000000000000000210 /* SparkWidgets */,
			);
			name = SparkWidgets;
			productName = SparkWidgets;
			productReference = 5A0000000000000000000200 /* SparkWidgets.appex */;
			productType = "com.apple.product-type.app-extension";
		};
		5A0000000000000000000340 /* SparkShare */ = {
			isa = PBXNativeTarget;
			buildConfigurationList = 5A0000000000000000000360 /* Build configuration list for PBXNativeTarget "SparkShare" */;
			buildPhases = (
				5A0000000000000000000321 /* Sources */,
				5A0000000000000000000320 /* Frameworks */,
				5A0000000000000000000322 /* Resources */,
			);
			buildRules = (
			);
			dependencies = (
			);
			fileSystemSynchronizedGroups = (
				5A0000000000000000000310 /* SparkShare */,
				5A0000000000000000000410 /* Shared */,
			);
			name = SparkShare;
			productName = SparkShare;
			productReference = 5A0000000000000000000300 /* SparkShare.appex */;
			productType = "com.apple.product-type.app-extension";
		};
/* End PBXNativeTarget section */

/* Begin PBXProject section */
		5A0000000000000000000050 /* Project object */ = {
			isa = PBXProject;
			attributes = {
				BuildIndependentTargetsInParallel = 1;
				LastSwiftUpdateCheck = 1600;
				LastUpgradeCheck = 1600;
				TargetAttributes = {
					5A0000000000000000000040 = {
						CreatedOnToolsVersion = 16.0;
					};
					5A0000000000000000000140 = {
						CreatedOnToolsVersion = 16.0;
					};
					5A0000000000000000000240 = {
						CreatedOnToolsVersion = 16.0;
					};
					5A0000000000000000000340 = {
						CreatedOnToolsVersion = 16.0;
					};
				};
			};
			buildConfigurationList = 5A0000000000000000000061 /* Build configuration list for PBXProject "Spark" */;
			developmentRegion = de;
			hasScannedForEncodings = 0;
			knownRegions = (
				de,
				en,
				Base,
			);
			mainGroup = 5A0000000000000000000030;
			minimizedProjectReferenceProxies = 1;
			preferredProjectObjectVersion = 77;
			productRefGroup = 5A0000000000000000000031 /* Products */;
			projectDirPath = "";
			projectRoot = "";
			targets = (
				5A0000000000000000000040 /* Spark */,
				5A0000000000000000000140 /* SparkNotify */,
				5A0000000000000000000240 /* SparkWidgets */,
				5A0000000000000000000340 /* SparkShare */,
			);
		};
/* End PBXProject section */

/* Begin PBXResourcesBuildPhase section */
		5A0000000000000000000022 /* Resources */ = {
			isa = PBXResourcesBuildPhase;
			buildActionMask = 2147483647;
			files = (
			);
			runOnlyForDeploymentPostprocessing = 0;
		};
		5A0000000000000000000122 /* Resources */ = {
			isa = PBXResourcesBuildPhase;
			buildActionMask = 2147483647;
			files = (
			);
			runOnlyForDeploymentPostprocessing = 0;
		};
		5A0000000000000000000222 /* Resources */ = {
			isa = PBXResourcesBuildPhase;
			buildActionMask = 2147483647;
			files = (
			);
			runOnlyForDeploymentPostprocessing = 0;
		};
		5A0000000000000000000322 /* Resources */ = {
			isa = PBXResourcesBuildPhase;
			buildActionMask = 2147483647;
			files = (
			);
			runOnlyForDeploymentPostprocessing = 0;
		};
/* End PBXResourcesBuildPhase section */

/* Begin PBXSourcesBuildPhase section */
		5A0000000000000000000021 /* Sources */ = {
			isa = PBXSourcesBuildPhase;
			buildActionMask = 2147483647;
			files = (
			);
			runOnlyForDeploymentPostprocessing = 0;
		};
		5A0000000000000000000121 /* Sources */ = {
			isa = PBXSourcesBuildPhase;
			buildActionMask = 2147483647;
			files = (
			);
			runOnlyForDeploymentPostprocessing = 0;
		};
		5A0000000000000000000221 /* Sources */ = {
			isa = PBXSourcesBuildPhase;
			buildActionMask = 2147483647;
			files = (
			);
			runOnlyForDeploymentPostprocessing = 0;
		};
		5A0000000000000000000321 /* Sources */ = {
			isa = PBXSourcesBuildPhase;
			buildActionMask = 2147483647;
			files = (
			);
			runOnlyForDeploymentPostprocessing = 0;
		};
/* End PBXSourcesBuildPhase section */

/* Begin PBXTargetDependency section */
		5A0000000000000000000107 /* PBXTargetDependency */ = {
			isa = PBXTargetDependency;
			target = 5A0000000000000000000140 /* SparkNotify */;
			targetProxy = 5A0000000000000000000102 /* PBXContainerItemProxy */;
		};
		5A0000000000000000000207 /* PBXTargetDependency */ = {
			isa = PBXTargetDependency;
			target = 5A0000000000000000000240 /* SparkWidgets */;
			targetProxy = 5A0000000000000000000202 /* PBXContainerItemProxy */;
		};
		5A0000000000000000000307 /* PBXTargetDependency */ = {
			isa = PBXTargetDependency;
			target = 5A0000000000000000000340 /* SparkShare */;
			targetProxy = 5A0000000000000000000302 /* PBXContainerItemProxy */;
		};
/* End PBXTargetDependency section */

/* Begin XCBuildConfiguration section */
		5A0000000000000000000070 /* Debug */ = {
			isa = XCBuildConfiguration;
			buildSettings = {
				ALWAYS_SEARCH_USER_PATHS = NO;
				APP_BUNDLE_ID = io.github.db9979.speechspark;
				CLANG_ENABLE_MODULES = YES;
				CLANG_ENABLE_OBJC_ARC = YES;
				COPY_PHASE_STRIP = NO;
				DEBUG_INFORMATION_FORMAT = dwarf;
				ENABLE_STRICT_OBJC_MSGSEND = YES;
				ENABLE_TESTABILITY = YES;
				ENABLE_USER_SCRIPT_SANDBOXING = YES;
				GCC_OPTIMIZATION_LEVEL = 0;
				IPHONEOS_DEPLOYMENT_TARGET = 17.0;
				ONLY_ACTIVE_ARCH = YES;
				SDKROOT = iphoneos;
				SWIFT_ACTIVE_COMPILATION_CONDITIONS = "DEBUG $(inherited)";
				SWIFT_OPTIMIZATION_LEVEL = "-Onone";
			};
			name = Debug;
		};
		5A0000000000000000000071 /* Release */ = {
			isa = XCBuildConfiguration;
			buildSettings = {
				ALWAYS_SEARCH_USER_PATHS = NO;
				APP_BUNDLE_ID = io.github.db9979.speechspark;
				CLANG_ENABLE_MODULES = YES;
				CLANG_ENABLE_OBJC_ARC = YES;
				COPY_PHASE_STRIP = NO;
				DEBUG_INFORMATION_FORMAT = "dwarf-with-dsym";
				ENABLE_NS_ASSERTIONS = NO;
				ENABLE_STRICT_OBJC_MSGSEND = YES;
				ENABLE_USER_SCRIPT_SANDBOXING = YES;
				IPHONEOS_DEPLOYMENT_TARGET = 17.0;
				SDKROOT = iphoneos;
				SWIFT_COMPILATION_MODE = wholemodule;
				VALIDATE_PRODUCT = YES;
			};
			name = Release;
		};
		5A0000000000000000000072 /* Debug */ = {
			isa = XCBuildConfiguration;
			buildSettings = {
				ASSETCATALOG_COMPILER_APPICON_NAME = AppIcon;
				ASSETCATALOG_COMPILER_GLOBAL_ACCENT_COLOR_NAME = AccentColor;
				CODE_SIGN_ENTITLEMENTS = Spark.entitlements;
				CODE_SIGN_STYLE = Automatic;
				CURRENT_PROJECT_VERSION = 1;
				DEVELOPMENT_TEAM = "";
				GENERATE_INFOPLIST_FILE = YES;
				INFOPLIST_FILE = Info.plist;
				INFOPLIST_KEY_CFBundleDisplayName = Spark;
				INFOPLIST_KEY_NSFaceIDUsageDescription = "Damit nur du das Update des Spark starten kannst.";
				INFOPLIST_KEY_NSCameraUsageDescription = "Damit du ein Foto von einem Brief oder Zettel machen kannst. Den Text liest das iPhone selbst, an den Spark geht nur der Text.";
				INFOPLIST_KEY_NSRemindersFullAccessUsageDescription = "Damit Erinnerungen und die Einkaufsliste des Spark nach deinem „Ja“ in der Erinnerungen-App stehen. Gelesen wird dort nichts für den Spark.";
				INFOPLIST_KEY_NSContactsUsageDescription = "Damit „Ruf … an“ die Nummer findet. Kontakte bleiben auf dem iPhone und gehen nicht an den Spark.";
				INFOPLIST_KEY_NSMicrophoneUsageDescription = "Damit du dem Spark Fragen stellen kannst. Die Aufnahme geht nur an deinen eigenen Spark.";
				INFOPLIST_KEY_NSSpeechRecognitionUsageDescription = "Für das Weckwort. Die Erkennung läuft nur auf dem iPhone, nichts geht an Apple.";
				INFOPLIST_KEY_UILaunchScreen_Generation = YES;
				INFOPLIST_KEY_UISupportedInterfaceOrientations = UIInterfaceOrientationPortrait;
				INFOPLIST_KEY_UISupportedInterfaceOrientations_iPad = "UIInterfaceOrientationPortrait UIInterfaceOrientationPortraitUpsideDown UIInterfaceOrientationLandscapeLeft UIInterfaceOrientationLandscapeRight";
				LD_RUNPATH_SEARCH_PATHS = (
					"$(inherited)",
					"@executable_path/Frameworks",
				);
				MARKETING_VERSION = 1.0;
				PRODUCT_BUNDLE_IDENTIFIER = "$(APP_BUNDLE_ID)";
				PRODUCT_NAME = "$(TARGET_NAME)";
				SWIFT_EMIT_LOC_STRINGS = YES;
				SWIFT_VERSION = 5.0;
				TARGETED_DEVICE_FAMILY = 1;
			};
			name = Debug;
		};
		5A0000000000000000000073 /* Release */ = {
			isa = XCBuildConfiguration;
			buildSettings = {
				ASSETCATALOG_COMPILER_APPICON_NAME = AppIcon;
				ASSETCATALOG_COMPILER_GLOBAL_ACCENT_COLOR_NAME = AccentColor;
				CODE_SIGN_ENTITLEMENTS = Spark.entitlements;
				CODE_SIGN_STYLE = Automatic;
				CURRENT_PROJECT_VERSION = 1;
				DEVELOPMENT_TEAM = "";
				GENERATE_INFOPLIST_FILE = YES;
				INFOPLIST_FILE = Info.plist;
				INFOPLIST_KEY_CFBundleDisplayName = Spark;
				INFOPLIST_KEY_NSFaceIDUsageDescription = "Damit nur du das Update des Spark starten kannst.";
				INFOPLIST_KEY_NSCameraUsageDescription = "Damit du ein Foto von einem Brief oder Zettel machen kannst. Den Text liest das iPhone selbst, an den Spark geht nur der Text.";
				INFOPLIST_KEY_NSRemindersFullAccessUsageDescription = "Damit Erinnerungen und die Einkaufsliste des Spark nach deinem „Ja“ in der Erinnerungen-App stehen. Gelesen wird dort nichts für den Spark.";
				INFOPLIST_KEY_NSContactsUsageDescription = "Damit „Ruf … an“ die Nummer findet. Kontakte bleiben auf dem iPhone und gehen nicht an den Spark.";
				INFOPLIST_KEY_NSMicrophoneUsageDescription = "Damit du dem Spark Fragen stellen kannst. Die Aufnahme geht nur an deinen eigenen Spark.";
				INFOPLIST_KEY_NSSpeechRecognitionUsageDescription = "Für das Weckwort. Die Erkennung läuft nur auf dem iPhone, nichts geht an Apple.";
				INFOPLIST_KEY_UILaunchScreen_Generation = YES;
				INFOPLIST_KEY_UISupportedInterfaceOrientations = UIInterfaceOrientationPortrait;
				INFOPLIST_KEY_UISupportedInterfaceOrientations_iPad = "UIInterfaceOrientationPortrait UIInterfaceOrientationPortraitUpsideDown UIInterfaceOrientationLandscapeLeft UIInterfaceOrientationLandscapeRight";
				LD_RUNPATH_SEARCH_PATHS = (
					"$(inherited)",
					"@executable_path/Frameworks",
				);
				MARKETING_VERSION = 1.0;
				PRODUCT_BUNDLE_IDENTIFIER = "$(APP_BUNDLE_ID)";
				PRODUCT_NAME = "$(TARGET_NAME)";
				SWIFT_EMIT_LOC_STRINGS = YES;
				SWIFT_VERSION = 5.0;
				TARGETED_DEVICE_FAMILY = 1;
			};
			name = Release;
		};
		5A0000000000000000000172 /* Debug */ = {
			isa = XCBuildConfiguration;
			buildSettings = {
				CODE_SIGN_ENTITLEMENTS = SparkNotify.entitlements;
				CODE_SIGN_STYLE = Automatic;
				CURRENT_PROJECT_VERSION = 1;
				DEVELOPMENT_TEAM = "";
				GENERATE_INFOPLIST_FILE = YES;
				INFOPLIST_FILE = "SparkNotify-Info.plist";
				INFOPLIST_KEY_CFBundleDisplayName = "Spark Mitteilungen";
				LD_RUNPATH_SEARCH_PATHS = (
					"$(inherited)",
					"@executable_path/Frameworks",
					"@executable_path/../../Frameworks",
				);
				MARKETING_VERSION = 1.0;
				PRODUCT_BUNDLE_IDENTIFIER = "$(APP_BUNDLE_ID).notify";
				PRODUCT_NAME = "$(TARGET_NAME)";
				SKIP_INSTALL = YES;
				SWIFT_EMIT_LOC_STRINGS = YES;
				SWIFT_VERSION = 5.0;
				TARGETED_DEVICE_FAMILY = 1;
			};
			name = Debug;
		};
		5A0000000000000000000173 /* Release */ = {
			isa = XCBuildConfiguration;
			buildSettings = {
				CODE_SIGN_ENTITLEMENTS = SparkNotify.entitlements;
				CODE_SIGN_STYLE = Automatic;
				CURRENT_PROJECT_VERSION = 1;
				DEVELOPMENT_TEAM = "";
				GENERATE_INFOPLIST_FILE = YES;
				INFOPLIST_FILE = "SparkNotify-Info.plist";
				INFOPLIST_KEY_CFBundleDisplayName = "Spark Mitteilungen";
				LD_RUNPATH_SEARCH_PATHS = (
					"$(inherited)",
					"@executable_path/Frameworks",
					"@executable_path/../../Frameworks",
				);
				MARKETING_VERSION = 1.0;
				PRODUCT_BUNDLE_IDENTIFIER = "$(APP_BUNDLE_ID).notify";
				PRODUCT_NAME = "$(TARGET_NAME)";
				SKIP_INSTALL = YES;
				SWIFT_EMIT_LOC_STRINGS = YES;
				SWIFT_VERSION = 5.0;
				TARGETED_DEVICE_FAMILY = 1;
			};
			name = Release;
		};
		5A0000000000000000000272 /* Debug */ = {
			isa = XCBuildConfiguration;
			buildSettings = {
				CODE_SIGN_STYLE = Automatic;
				CURRENT_PROJECT_VERSION = 1;
				DEVELOPMENT_TEAM = "";
				GENERATE_INFOPLIST_FILE = YES;
				INFOPLIST_FILE = "SparkWidgets-Info.plist";
				INFOPLIST_KEY_CFBundleDisplayName = "Spark Schnellstart";
				LD_RUNPATH_SEARCH_PATHS = (
					"$(inherited)",
					"@executable_path/Frameworks",
					"@executable_path/../../Frameworks",
				);
				MARKETING_VERSION = 1.0;
				PRODUCT_BUNDLE_IDENTIFIER = "$(APP_BUNDLE_ID).widgets";
				PRODUCT_NAME = "$(TARGET_NAME)";
				SKIP_INSTALL = YES;
				SWIFT_EMIT_LOC_STRINGS = YES;
				SWIFT_VERSION = 5.0;
				TARGETED_DEVICE_FAMILY = 1;
			};
			name = Debug;
		};
		5A0000000000000000000273 /* Release */ = {
			isa = XCBuildConfiguration;
			buildSettings = {
				CODE_SIGN_STYLE = Automatic;
				CURRENT_PROJECT_VERSION = 1;
				DEVELOPMENT_TEAM = "";
				GENERATE_INFOPLIST_FILE = YES;
				INFOPLIST_FILE = "SparkWidgets-Info.plist";
				INFOPLIST_KEY_CFBundleDisplayName = "Spark Schnellstart";
				LD_RUNPATH_SEARCH_PATHS = (
					"$(inherited)",
					"@executable_path/Frameworks",
					"@executable_path/../../Frameworks",
				);
				MARKETING_VERSION = 1.0;
				PRODUCT_BUNDLE_IDENTIFIER = "$(APP_BUNDLE_ID).widgets";
				PRODUCT_NAME = "$(TARGET_NAME)";
				SKIP_INSTALL = YES;
				SWIFT_EMIT_LOC_STRINGS = YES;
				SWIFT_VERSION = 5.0;
				TARGETED_DEVICE_FAMILY = 1;
			};
			name = Release;
		};
		5A0000000000000000000372 /* Debug */ = {
			isa = XCBuildConfiguration;
			buildSettings = {
				CODE_SIGN_ENTITLEMENTS = SparkShare.entitlements;
				CODE_SIGN_STYLE = Automatic;
				CURRENT_PROJECT_VERSION = 1;
				DEVELOPMENT_TEAM = "";
				GENERATE_INFOPLIST_FILE = YES;
				INFOPLIST_FILE = "SparkShare-Info.plist";
				INFOPLIST_KEY_CFBundleDisplayName = Spark;
				LD_RUNPATH_SEARCH_PATHS = (
					"$(inherited)",
					"@executable_path/Frameworks",
					"@executable_path/../../Frameworks",
				);
				MARKETING_VERSION = 1.0;
				PRODUCT_BUNDLE_IDENTIFIER = "$(APP_BUNDLE_ID).share";
				PRODUCT_NAME = "$(TARGET_NAME)";
				SKIP_INSTALL = YES;
				SWIFT_EMIT_LOC_STRINGS = YES;
				SWIFT_VERSION = 5.0;
				TARGETED_DEVICE_FAMILY = 1;
			};
			name = Debug;
		};
		5A0000000000000000000373 /* Release */ = {
			isa = XCBuildConfiguration;
			buildSettings = {
				CODE_SIGN_ENTITLEMENTS = SparkShare.entitlements;
				CODE_SIGN_STYLE = Automatic;
				CURRENT_PROJECT_VERSION = 1;
				DEVELOPMENT_TEAM = "";
				GENERATE_INFOPLIST_FILE = YES;
				INFOPLIST_FILE = "SparkShare-Info.plist";
				INFOPLIST_KEY_CFBundleDisplayName = Spark;
				LD_RUNPATH_SEARCH_PATHS = (
					"$(inherited)",
					"@executable_path/Frameworks",
					"@executable_path/../../Frameworks",
				);
				MARKETING_VERSION = 1.0;
				PRODUCT_BUNDLE_IDENTIFIER = "$(APP_BUNDLE_ID).share";
				PRODUCT_NAME = "$(TARGET_NAME)";
				SKIP_INSTALL = YES;
				SWIFT_EMIT_LOC_STRINGS = YES;
				SWIFT_VERSION = 5.0;
				TARGETED_DEVICE_FAMILY = 1;
			};
			name = Release;
		};
/* End XCBuildConfiguration section */

/* Begin XCConfigurationList section */
		5A0000000000000000000060 /* Build configuration list for PBXNativeTarget "Spark" */ = {
			isa = XCConfigurationList;
			buildConfigurations = (
				5A0000000000000000000072 /* Debug */,
				5A0000000000000000000073 /* Release */,
			);
			defaultConfigurationIsVisible = 0;
			defaultConfigurationName = Release;
		};
		5A0000000000000000000061 /* Build configuration list for PBXProject "Spark" */ = {
			isa = XCConfigurationList;
			buildConfigurations = (
				5A0000000000000000000070 /* Debug */,
				5A0000000000000000000071 /* Release */,
			);
			defaultConfigurationIsVisible = 0;
			defaultConfigurationName = Release;
		};
		5A0000000000000000000160 /* Build configuration list for PBXNativeTarget "SparkNotify" */ = {
			isa = XCConfigurationList;
			buildConfigurations = (
				5A0000000000000000000172 /* Debug */,
				5A0000000000000000000173 /* Release */,
			);
			defaultConfigurationIsVisible = 0;
			defaultConfigurationName = Release;
		};
		5A0000000000000000000260 /* Build configuration list for PBXNativeTarget "SparkWidgets" */ = {
			isa = XCConfigurationList;
			buildConfigurations = (
				5A0000000000000000000272 /* Debug */,
				5A0000000000000000000273 /* Release */,
			);
			defaultConfigurationIsVisible = 0;
			defaultConfigurationName = Release;
		};
		5A0000000000000000000360 /* Build configuration list for PBXNativeTarget "SparkShare" */ = {
			isa = XCConfigurationList;
			buildConfigurations = (
				5A0000000000000000000372 /* Debug */,
				5A0000000000000000000373 /* Release */,
			);
			defaultConfigurationIsVisible = 0;
			defaultConfigurationName = Release;
		};
/* End XCConfigurationList section */
	};
	rootObject = 5A0000000000000000000050 /* Project object */;
}
